hash: 571e1ff3a411113bbfd9310a0b65ba144fc7afa930e368795e007f5ebd50826b
updated: 2017-02-28T14:36:01.478299835-08:00
imports:
- name: github.com/golang/mock
  version: bd3c8e81be01eef76d4b503f5e687d2d1354d2d9
  subpackages:
  - gomock
- name: github.com/opentracing/opentracing-go
  version: 6edb48674bd9467b8e91fda004f2bd7202d60ce4
  subpackages:
  - ext
  - log
- name: github.com/pkg/errors
  version: 645ef00459ed84a119197bfb8d8205042c6df63d
- name: github.com/uber/jaeger-client-go
  version: a1c7be77e82c1ccd832ace5c4c04b25700d90b1f
  subpackages:
  - log/zap
- name: go.uber.org/atomic
  version: 0c9e689d64f004564b79d9a663634756df322902
- name: go.uber.org/fx
  version: b897b6731d2d54e874e5089733f0e8c47d4013ed
  subpackages:
  - dig
- name: go.uber.org/thriftrw
  version: c98a13058faa5dd41584a77221a268d2c72d832d
  subpackages:
  - envelope
  - internal/envelope/exception
  - internal/semver
  - protocol
  - protocol/binary
  - version
  - wire
- name: go.uber.org/yarpc
  version: 47ebfe9337d943e637cc1748254727ec1fa89bf4
  subpackages:
  - api/encoding
  - api/middleware
  - api/peer
  - api/transport
  - encoding/thrift
  - encoding/thrift/internal
  - internal
  - internal/clientconfig
  - internal/encoding
  - internal/errors
  - internal/inboundmiddleware
  - internal/introspection
  - internal/net
  - internal/outboundmiddleware
  - internal/request
  - internal/sync
  - peer
  - peer/hostport
  - transport/http
- name: go.uber.org/zap
  version: a03b90bc236f3def382f17743518889a31f8187c
  subpackages:
  - buffer
  - internal/bufferpool
  - internal/exit
  - internal/multierror
  - zapcore
- name: golang.org/x/net
  version: f4b625ec9b21d620bb5ce57f2dfc3e08ca97fce6
  subpackages:
  - context
  - context/ctxhttp
testImports: []
