hash: b131a770739cdf9ee19af2e05e2b993bfd6842ac5a2c677c6f1994aa01d9038c
updated: 2017-02-24T16:29:39.708754279-08:00
imports:
- name: go.uber.org/fx
  version: b897b6731d2d54e874e5089733f0e8c47d4013ed
- name: go.uber.org/thriftrw
  version: c98a13058faa5dd41584a77221a268d2c72d832d
- name: go.uber.org/yarpc
  version: 47ebfe9337d943e637cc1748254727ec1fa89bf4
testImports: []
